// !$*UTF8*$!
{
	archiveVersion = 1;
	classes = {
	};
	objectVersion = 46;
	objects = {

/* Begin PBXBuildFile section */
		0953FEE517BE82AE002D0BE6 /* Foundation.framework in Frameworks */ = {isa = PBXBuildFile; fileRef = 0953FEE417BE82AE002D0BE6 /* Foundation.framework */; };
		0953FEE717BE82AE002D0BE6 /* CoreGraphics.framework in Frameworks */ = {isa = PBXBuildFile; fileRef = 0953FEE617BE82AE002D0BE6 /* CoreGraphics.framework */; };
		0953FEE917BE82AE002D0BE6 /* UIKit.framework in Frameworks */ = {isa = PBXBuildFile; fileRef = 0953FEE817BE82AE002D0BE6 /* UIKit.framework */; };
		0953FEEF17BE82AE002D0BE6 /* InfoPlist.strings in Resources */ = {isa = PBXBuildFile; fileRef = 0953FEED17BE82AE002D0BE6 /* InfoPlist.strings */; };
		0953FEF117BE82AE002D0BE6 /* main.m in Sources */ = {isa = PBXBuildFile; fileRef = 0953FEF017BE82AE002D0BE6 /* main.m */; };
		0953FEF517BE82AE002D0BE6 /* OGAppDelegate.m in Sources */ = {isa = PBXBuildFile; fileRef = 0953FEF417BE82AE002D0BE6 /* OGAppDelegate.m */; };
		0953FEF717BE82AE002D0BE6 /* Images.xcassets in Resources */ = {isa = PBXBuildFile; fileRef = 0953FEF617BE82AE002D0BE6 /* Images.xcassets */; };
		0953FEFE17BE82AE002D0BE6 /* XCTest.framework in Frameworks */ = {isa = PBXBuildFile; fileRef = 0953FEFD17BE82AE002D0BE6 /* XCTest.framework */; };
		0953FEFF17BE82AE002D0BE6 /* Foundation.framework in Frameworks */ = {isa = PBXBuildFile; fileRef = 0953FEE417BE82AE002D0BE6 /* Foundation.framework */; };
		0953FF0017BE82AE002D0BE6 /* UIKit.framework in Frameworks */ = {isa = PBXBuildFile; fileRef = 0953FEE817BE82AE002D0BE6 /* UIKit.framework */; };
		0953FF0817BE82AE002D0BE6 /* InfoPlist.strings in Resources */ = {isa = PBXBuildFile; fileRef = 0953FF0617BE82AE002D0BE6 /* InfoPlist.strings */; };
		0953FF0A17BE82AE002D0BE6 /* OGDebuggingToolsProjectTests.m in Sources */ = {isa = PBXBuildFile; fileRef = 0953FF0917BE82AE002D0BE6 /* OGDebuggingToolsProjectTests.m */; };
		0953FF1917BE83B4002D0BE6 /* NSObject+OGDebuggingTools.m in Sources */ = {isa = PBXBuildFile; fileRef = 0953FF1817BE83B4002D0BE6 /* NSObject+OGDebuggingTools.m */; };
		09F8B1E317BF49E0007C0128 /* UIView+OGDebuggingTools.m in Sources */ = {isa = PBXBuildFile; fileRef = 09F8B1E217BF49E0007C0128 /* UIView+OGDebuggingTools.m */; };
		AFEADDC79DD1445D8E68CBF3 /* libPods.a in Frameworks */ = {isa = PBXBuildFile; fileRef = 1D1DD765C64D4351B9F31575 /* libPods.a */; };
/* End PBXBuildFile section */

/* Begin PBXContainerItemProxy section */
		0953FF0117BE82AE002D0BE6 /* PBXContainerItemProxy */ = {
			isa = PBXContainerItemProxy;
			containerPortal = 0953FED917BE82AE002D0BE6 /* Project object */;
			proxyType = 1;
			remoteGlobalIDString = 0953FEE017BE82AE002D0BE6;
			remoteInfo = OGDebuggingToolsProject;
		};
/* End PBXContainerItemProxy section */

/* Begin PBXFileReference section */
		0953FEE117BE82AE002D0BE6 /* OGDebuggingToolsProject.app */ = {isa = PBXFileReference; explicitFileType = wrapper.application; includeInIndex = 0; path = OGDebuggingToolsProject.app; sourceTree = BUILT_PRODUCTS_DIR; };
		0953FEE417BE82AE002D0BE6 /* Foundation.framework */ = {isa = PBXFileReference; lastKnownFileType = wrapper.framework; name = Foundation.framework; path = System/Library/Frameworks/Foundation.framework; sourceTree = SDKROOT; };
		0953FEE617BE82AE002D0BE6 /* CoreGraphics.framework */ = {isa = PBXFileReference; lastKnownFileType = wrapper.framework; name = CoreGraphics.framework; path = System/Library/Frameworks/CoreGraphics.framework; sourceTree = SDKROOT; };
		0953FEE817BE82AE002D0BE6 /* UIKit.framework */ = {isa = PBXFileReference; lastKnownFileType = wrapper.framework; name = UIKit.framework; path = System/Library/Frameworks/UIKit.framework; sourceTree = SDKROOT; };
		0953FEEC17BE82AE002D0BE6 /* OGDebuggingToolsProject-Info.plist */ = {isa = PBXFileReference; lastKnownFileType = text.plist.xml; path = "OGDebuggingToolsProject-Info.plist"; sourceTree = "<group>"; };
		0953FEEE17BE82AE002D0BE6 /* en */ = {isa = PBXFileReference; lastKnownFileType = text.plist.strings; name = en; path = en.lproj/InfoPlist.strings; sourceTree = "<group>"; };
		0953FEF017BE82AE002D0BE6 /* main.m */ = {isa = PBXFileReference; lastKnownFileType = sourcecode.c.objc; path = main.m; sourceTree = "<group>"; };
		0953FEF217BE82AE002D0BE6 /* OGDebuggingToolsProject-Prefix.pch */ = {isa = PBXFileReference; lastKnownFileType = sourcecode.c.h; path = "OGDebuggingToolsProject-Prefix.pch"; sourceTree = "<group>"; };
		0953FEF317BE82AE002D0BE6 /* OGAppDelegate.h */ = {isa = PBXFileReference; lastKnownFileType = sourcecode.c.h; path = OGAppDelegate.h; sourceTree = "<group>"; };
		0953FEF417BE82AE002D0BE6 /* OGAppDelegate.m */ = {isa = PBXFileReference; lastKnownFileType = sourcecode.c.objc; path = OGAppDelegate.m; sourceTree = "<group>"; };
		0953FEF617BE82AE002D0BE6 /* Images.xcassets */ = {isa = PBXFileReference; lastKnownFileType = folder.assetcatalog; path = Images.xcassets; sourceTree = "<group>"; };
		0953FEFC17BE82AE002D0BE6 /* OGDebuggingToolsProjectTests.xctest */ = {isa = PBXFileReference; explicitFileType = wrapper.cfbundle; includeInIndex = 0; path = OGDebuggingToolsProjectTests.xctest; sourceTree = BUILT_PRODUCTS_DIR; };
		0953FEFD17BE82AE002D0BE6 /* XCTest.framework */ = {isa = PBXFileReference; lastKnownFileType = wrapper.framework; name = XCTest.framework; path = Library/Frameworks/XCTest.framework; sourceTree = DEVELOPER_DIR; };
		0953FF0517BE82AE002D0BE6 /* OGDebuggingToolsProjectTests-Info.plist */ = {isa = PBXFileReference; lastKnownFileType = text.plist.xml; path = "OGDebuggingToolsProjectTests-Info.plist"; sourceTree = "<group>"; };
		0953FF0717BE82AE002D0BE6 /* en */ = {isa = PBXFileReference; lastKnownFileType = text.plist.strings; name = en; path = en.lproj/InfoPlist.strings; sourceTree = "<group>"; };
		0953FF0917BE82AE002D0BE6 /* OGDebuggingToolsProjectTests.m */ = {isa = PBXFileReference; lastKnownFileType = sourcecode.c.objc; path = OGDebuggingToolsProjectTests.m; sourceTree = "<group>"; };
		0953FF1417BE82F9002D0BE6 /* LICENSE */ = {isa = PBXFileReference; lastKnownFileType = text; path = LICENSE; sourceTree = "<group>"; };
		0953FF1617BE82F9002D0BE6 /* README.md */ = {isa = PBXFileReference; lastKnownFileType = text; path = README.md; sourceTree = "<group>"; };
		0953FF1717BE83B4002D0BE6 /* NSObject+OGDebuggingTools.h */ = {isa = PBXFileReference; fileEncoding = 4; lastKnownFileType = sourcecode.c.h; name = "NSObject+OGDebuggingTools.h"; path = "OGDebuggingTools/NSObject+OGDebuggingTools.h"; sourceTree = "<group>"; };
		0953FF1817BE83B4002D0BE6 /* NSObject+OGDebuggingTools.m */ = {isa = PBXFileReference; fileEncoding = 4; lastKnownFileType = sourcecode.c.objc; name = "NSObject+OGDebuggingTools.m"; path = "OGDebuggingTools/NSObject+OGDebuggingTools.m"; sourceTree = "<group>"; };
		0953FF1A17BE84C1002D0BE6 /* OGDebuggingTools.podspec */ = {isa = PBXFileReference; lastKnownFileType = text; path = OGDebuggingTools.podspec; sourceTree = "<group>"; };
		0953FF1C17BE8511002D0BE6 /* OGDebuggingTools.h */ = {isa = PBXFileReference; lastKnownFileType = sourcecode.c.h; name = OGDebuggingTools.h; path = OGDebuggingTools/OGDebuggingTools.h; sourceTree = "<group>"; };
		09F8B1E117BF49E0007C0128 /* UIView+OGDebuggingTools.h */ = {isa = PBXFileReference; fileEncoding = 4; lastKnownFileType = sourcecode.c.h; name = "UIView+OGDebuggingTools.h"; path = "OGDebuggingTools/UIView+OGDebuggingTools.h"; sourceTree = "<group>"; };
		09F8B1E217BF49E0007C0128 /* UIView+OGDebuggingTools.m */ = {isa = PBXFileReference; fileEncoding = 4; lastKnownFileType = sourcecode.c.objc; name = "UIView+OGDebuggingTools.m"; path = "OGDebuggingTools/UIView+OGDebuggingTools.m"; sourceTree = "<group>"; };
		1D1DD765C64D4351B9F31575 /* libPods.a */ = {isa = PBXFileReference; explicitFileType = archive.ar; includeInIndex = 0; path = libPods.a; sourceTree = BUILT_PRODUCTS_DIR; };
		54AE0AE076C5408B80745ABF /* Pods.xcconfig */ = {isa = PBXFileReference; includeInIndex = 1; lastKnownFileType = text.xcconfig; name = Pods.xcconfig; path = Pods/Pods.xcconfig; sourceTree = SOURCE_ROOT; };
/* End PBXFileReference section */

/* Begin PBXFrameworksBuildPhase section */
		0953FEDE17BE82AE002D0BE6 /* Frameworks */ = {
			isa = PBXFrameworksBuildPhase;
			buildActionMask = 2147483647;
			files = (
				0953FEE717BE82AE002D0BE6 /* CoreGraphics.framework in Frameworks */,
				0953FEE917BE82AE002D0BE6 /* UIKit.framework in Frameworks */,
				0953FEE517BE82AE002D0BE6 /* Foundation.framework in Frameworks */,
				AFEADDC79DD1445D8E68CBF3 /* libPods.a in Frameworks */,
			);
			runOnlyForDeploymentPostprocessing = 0;
		};
		0953FEF917BE82AE002D0BE6 /* Frameworks */ = {
			isa = PBXFrameworksBuildPhase;
			buildActionMask = 2147483647;
			files = (
				0953FEFE17BE82AE002D0BE6 /* XCTest.framework in Frameworks */,
				0953FF0017BE82AE002D0BE6 /* UIKit.framework in Frameworks */,
				0953FEFF17BE82AE002D0BE6 /* Foundation.framework in Frameworks */,
			);
			runOnlyForDeploymentPostprocessing = 0;
		};
/* End PBXFrameworksBuildPhase section */

/* Begin PBXGroup section */
		0953FED817BE82AE002D0BE6 = {
			isa = PBXGroup;
			children = (
				0953FF1417BE82F9002D0BE6 /* LICENSE */,
				0953FF1617BE82F9002D0BE6 /* README.md */,
				0953FF1A17BE84C1002D0BE6 /* OGDebuggingTools.podspec */,
				0953FF1317BE82E9002D0BE6 /* OGDebuggingTools */,
				0953FEEA17BE82AE002D0BE6 /* OGDebuggingToolsProject */,
				0953FF0317BE82AE002D0BE6 /* OGDebuggingToolsProjectTests */,
				0953FEE317BE82AE002D0BE6 /* Frameworks */,
				0953FEE217BE82AE002D0BE6 /* Products */,
				54AE0AE076C5408B80745ABF /* Pods.xcconfig */,
			);
			sourceTree = "<group>";
		};
		0953FEE217BE82AE002D0BE6 /* Products */ = {
			isa = PBXGroup;
			children = (
				0953FEE117BE82AE002D0BE6 /* OGDebuggingToolsProject.app */,
				0953FEFC17BE82AE002D0BE6 /* OGDebuggingToolsProjectTests.xctest */,
			);
			name = Products;
			sourceTree = "<group>";
		};
		0953FEE317BE82AE002D0BE6 /* Frameworks */ = {
			isa = PBXGroup;
			children = (
				0953FEE417BE82AE002D0BE6 /* Foundation.framework */,
				0953FEE617BE82AE002D0BE6 /* CoreGraphics.framework */,
				0953FEE817BE82AE002D0BE6 /* UIKit.framework */,
				0953FEFD17BE82AE002D0BE6 /* XCTest.framework */,
				1D1DD765C64D4351B9F31575 /* libPods.a */,
			);
			name = Frameworks;
			sourceTree = "<group>";
		};
		0953FEEA17BE82AE002D0BE6 /* OGDebuggingToolsProject */ = {
			isa = PBXGroup;
			children = (
				0953FEF617BE82AE002D0BE6 /* Images.xcassets */,
				0953FEEB17BE82AE002D0BE6 /* Supporting Files */,
				0953FEF317BE82AE002D0BE6 /* OGAppDelegate.h */,
				0953FEF417BE82AE002D0BE6 /* OGAppDelegate.m */,
			);
			path = OGDebuggingToolsProject;
			sourceTree = "<group>";
		};
		0953FEEB17BE82AE002D0BE6 /* Supporting Files */ = {
			isa = PBXGroup;
			children = (
				0953FEEC17BE82AE002D0BE6 /* OGDebuggingToolsProject-Info.plist */,
				0953FEED17BE82AE002D0BE6 /* InfoPlist.strings */,
				0953FEF017BE82AE002D0BE6 /* main.m */,
				0953FEF217BE82AE002D0BE6 /* OGDebuggingToolsProject-Prefix.pch */,
			);
			name = "Supporting Files";
			sourceTree = "<group>";
		};
		0953FF0317BE82AE002D0BE6 /* OGDebuggingToolsProjectTests */ = {
			isa = PBXGroup;
			children = (
				0953FF0917BE82AE002D0BE6 /* OGDebuggingToolsProjectTests.m */,
				0953FF0417BE82AE002D0BE6 /* Supporting Files */,
			);
			path = OGDebuggingToolsProjectTests;
			sourceTree = "<group>";
		};
		0953FF0417BE82AE002D0BE6 /* Supporting Files */ = {
			isa = PBXGroup;
			children = (
				0953FF0517BE82AE002D0BE6 /* OGDebuggingToolsProjectTests-Info.plist */,
				0953FF0617BE82AE002D0BE6 /* InfoPlist.strings */,
			);
			name = "Supporting Files";
			sourceTree = "<group>";
		};
		0953FF1317BE82E9002D0BE6 /* OGDebuggingTools */ = {
			isa = PBXGroup;
			children = (
				0953FF1C17BE8511002D0BE6 /* OGDebuggingTools.h */,
				0953FF1717BE83B4002D0BE6 /* NSObject+OGDebuggingTools.h */,
				0953FF1817BE83B4002D0BE6 /* NSObject+OGDebuggingTools.m */,
				09F8B1E117BF49E0007C0128 /* UIView+OGDebuggingTools.h */,
				09F8B1E217BF49E0007C0128 /* UIView+OGDebuggingTools.m */,
			);
			name = OGDebuggingTools;
			sourceTree = "<group>";
		};
/* End PBXGroup section */

/* Begin PBXNativeTarget section */
		0953FEE017BE82AE002D0BE6 /* OGDebuggingToolsProject */ = {
			isa = PBXNativeTarget;
			buildConfigurationList = 0953FF0D17BE82AE002D0BE6 /* Build configuration list for PBXNativeTarget "OGDebuggingToolsProject" */;
			buildPhases = (
				5EC8D65350D0413FA8827408 /* Check Pods Manifest.lock */,
				0953FEDD17BE82AE002D0BE6 /* Sources */,
				0953FEDE17BE82AE002D0BE6 /* Frameworks */,
				0953FEDF17BE82AE002D0BE6 /* Resources */,
				C2A437E7A28546D9A807910B /* Copy Pods Resources */,
			);
			buildRules = (
			);
			dependencies = (
			);
			name = OGDebuggingToolsProject;
			productName = OGDebuggingToolsProject;
			productReference = 0953FEE117BE82AE002D0BE6 /* OGDebuggingToolsProject.app */;
			productType = "com.apple.product-type.application";
		};
		0953FEFB17BE82AE002D0BE6 /* OGDebuggingToolsProjectTests */ = {
			isa = PBXNativeTarget;
			buildConfigurationList = 0953FF1017BE82AE002D0BE6 /* Build configuration list for PBXNativeTarget "OGDebuggingToolsProjectTests" */;
			buildPhases = (
				0953FEF817BE82AE002D0BE6 /* Sources */,
				0953FEF917BE82AE002D0BE6 /* Frameworks */,
				0953FEFA17BE82AE002D0BE6 /* Resources */,
			);
			buildRules = (
			);
			dependencies = (
				0953FF0217BE82AE002D0BE6 /* PBXTargetDependency */,
			);
			name = OGDebuggingToolsProjectTests;
			productName = OGDebuggingToolsProjectTests;
			productReference = 0953FEFC17BE82AE002D0BE6 /* OGDebuggingToolsProjectTests.xctest */;
			productType = "com.apple.product-type.bundle.unit-test";
		};
/* End PBXNativeTarget section */

/* Begin PBXProject section */
		0953FED917BE82AE002D0BE6 /* Project object */ = {
			isa = PBXProject;
			attributes = {
				CLASSPREFIX = OG;
				LastUpgradeCheck = 0500;
				ORGANIZATIONNAME = "Orange Groove";
				TargetAttributes = {
					0953FEFB17BE82AE002D0BE6 = {
						TestTargetID = 0953FEE017BE82AE002D0BE6;
					};
				};
			};
			buildConfigurationList = 0953FEDC17BE82AE002D0BE6 /* Build configuration list for PBXProject "OGDebuggingToolsProject" */;
			compatibilityVersion = "Xcode 3.2";
			developmentRegion = English;
			hasScannedForEncodings = 0;
			knownRegions = (
				en,
			);
			mainGroup = 0953FED817BE82AE002D0BE6;
			productRefGroup = 0953FEE217BE82AE002D0BE6 /* Products */;
			projectDirPath = "";
			projectRoot = "";
			targets = (
				0953FEE017BE82AE002D0BE6 /* OGDebuggingToolsProject */,
				0953FEFB17BE82AE002D0BE6 /* OGDebuggingToolsProjectTests */,
			);
		};
/* End PBXProject section */

/* Begin PBXResourcesBuildPhase section */
		0953FEDF17BE82AE002D0BE6 /* Resources */ = {
			isa = PBXResourcesBuildPhase;
			buildActionMask = 2147483647;
			files = (
				0953FEEF17BE82AE002D0BE6 /* InfoPlist.strings in Resources */,
				0953FEF717BE82AE002D0BE6 /* Images.xcassets in Resources */,
			);
			runOnlyForDeploymentPostprocessing = 0;
		};
		0953FEFA17BE82AE002D0BE6 /* Resources */ = {
			isa = PBXResourcesBuildPhase;
			buildActionMask = 2147483647;
			files = (
				0953FF0817BE82AE002D0BE6 /* InfoPlist.strings in Resources */,
			);
			runOnlyForDeploymentPostprocessing = 0;
		};
/* End PBXResourcesBuildPhase section */

/* Begin PBXShellScriptBuildPhase section */
		5EC8D65350D0413FA8827408 /* Check Pods Manifest.lock */ = {
			isa = PBXShellScriptBuildPhase;
			buildActionMask = 2147483647;
			files = (
			);
			inputPaths = (
			);
			name = "Check Pods Manifest.lock";
			outputPaths = (
			);
			runOnlyForDeploymentPostprocessing = 0;
			shellPath = /bin/sh;
			shellScript = "diff \"${PODS_ROOT}/../Podfile.lock\" \"${PODS_ROOT}/Manifest.lock\" > /dev/null\nif [[ $? != 0 ]] ; then\n    cat << EOM\nerror: The sandbox is not in sync with the Podfile.lock. Run 'pod install' or update your CocoaPods installation.\nEOM\n    exit 1\nfi\n";
			showEnvVarsInLog = 0;
		};
		C2A437E7A28546D9A807910B /* Copy Pods Resources */ = {
			isa = PBXShellScriptBuildPhase;
			buildActionMask = 2147483647;
			files = (
			);
			inputPaths = (
			);
			name = "Copy Pods Resources";
			outputPaths = (
			);
			runOnlyForDeploymentPostprocessing = 0;
			shellPath = /bin/sh;
			shellScript = "\"${SRCROOT}/Pods/Pods-resources.sh\"\n";
			showEnvVarsInLog = 0;
		};
/* End PBXShellScriptBuildPhase section */

/* Begin PBXSourcesBuildPhase section */
		0953FEDD17BE82AE002D0BE6 /* Sources */ = {
			isa = PBXSourcesBuildPhase;
			buildActionMask = 2147483647;
			files = (
				0953FEF517BE82AE002D0BE6 /* OGAppDelegate.m in Sources */,
				0953FF1917BE83B4002D0BE6 /* NSObject+OGDebuggingTools.m in Sources */,
				0953FEF117BE82AE002D0BE6 /* main.m in Sources */,
				09F8B1E317BF49E0007C0128 /* UIView+OGDebuggingTools.m in Sources */,
			);
			runOnlyForDeploymentPostprocessing = 0;
		};
		0953FEF817BE82AE002D0BE6 /* Sources */ = {
			isa = PBXSourcesBuildPhase;
			buildActionMask = 2147483647;
			files = (
				0953FF0A17BE82AE002D0BE6 /* OGDebuggingToolsProjectTests.m in Sources */,
			);
			runOnlyForDeploymentPostprocessing = 0;
		};
/* End PBXSourcesBuildPhase section */

/* Begin PBXTargetDependency section */
		0953FF0217BE82AE002D0BE6 /* PBXTargetDependency */ = {
			isa = PBXTargetDependency;
			target = 0953FEE017BE82AE002D0BE6 /* OGDebuggingToolsProject */;
			targetProxy = 0953FF0117BE82AE002D0BE6 /* PBXContainerItemProxy */;
		};
/* End PBXTargetDependency section */

/* Begin PBXVariantGroup section */
		0953FEED17BE82AE002D0BE6 /* InfoPlist.strings */ = {
			isa = PBXVariantGroup;
			children = (
				0953FEEE17BE82AE002D0BE6 /* en */,
			);
			name = InfoPlist.strings;
			sourceTree = "<group>";
		};
		0953FF0617BE82AE002D0BE6 /* InfoPlist.strings */ = {
			isa = PBXVariantGroup;
			children = (
				0953FF0717BE82AE002D0BE6 /* en */,
			);
			name = InfoPlist.strings;
			sourceTree = "<group>";
		};
/* End PBXVariantGroup section */

/* Begin XCBuildConfiguration section */
		0953FF0B17BE82AE002D0BE6 /* Debug */ = {
			isa = XCBuildConfiguration;
			buildSettings = {
				ALWAYS_SEARCH_USER_PATHS = NO;
				CLANG_CXX_LANGUAGE_STANDARD = "gnu++0x";
				CLANG_CXX_LIBRARY = "libc++";
				CLANG_ENABLE_MODULES = YES;
				CLANG_ENABLE_OBJC_ARC = YES;
				CLANG_WARN_BOOL_CONVERSION = YES;
				CLANG_WARN_CONSTANT_CONVERSION = YES;
				CLANG_WARN_DIRECT_OBJC_ISA_USAGE = YES_ERROR;
				CLANG_WARN_EMPTY_BODY = YES;
				CLANG_WARN_ENUM_CONVERSION = YES;
				CLANG_WARN_INT_CONVERSION = YES;
				CLANG_WARN_OBJC_ROOT_CLASS = YES_ERROR;
				CLANG_WARN__DUPLICATE_METHOD_MATCH = YES;
				"CODE_SIGN_IDENTITY[sdk=iphoneos*]" = "iPhone Developer";
				COPY_PHASE_STRIP = NO;
				GCC_C_LANGUAGE_STANDARD = gnu99;
				GCC_DYNAMIC_NO_PIC = NO;
				GCC_OPTIMIZATION_LEVEL = 0;
				GCC_PREPROCESSOR_DEFINITIONS = (
					"DEBUG=1",
					"$(inherited)",
				);
				GCC_SYMBOLS_PRIVATE_EXTERN = NO;
				GCC_WARN_ABOUT_RETURN_TYPE = YES_ERROR;
				GCC_WARN_UNDECLARED_SELECTOR = YES;
				GCC_WARN_UNINITIALIZED_AUTOS = YES;
				GCC_WARN_UNUSED_FUNCTION = YES;
				GCC_WARN_UNUSED_VARIABLE = YES;
				IPHONEOS_DEPLOYMENT_TARGET = 7.0;
				ONLY_ACTIVE_ARCH = YES;
				SDKROOT = iphoneos;
			};
			name = Debug;
		};
		0953FF0C17BE82AE002D0BE6 /* Release */ = {
			isa = XCBuildConfiguration;
			buildSettings = {
				ALWAYS_SEARCH_USER_PATHS = NO;
				CLANG_CXX_LANGUAGE_STANDARD = "gnu++0x";
				CLANG_CXX_LIBRARY = "libc++";
				CLANG_ENABLE_MODULES = YES;
				CLANG_ENABLE_OBJC_ARC = YES;
				CLANG_WARN_BOOL_CONVERSION = YES;
				CLANG_WARN_CONSTANT_CONVERSION = YES;
				CLANG_WARN_DIRECT_OBJC_ISA_USAGE = YES_ERROR;
				CLANG_WARN_EMPTY_BODY = YES;
				CLANG_WARN_ENUM_CONVERSION = YES;
				CLANG_WARN_INT_CONVERSION = YES;
				CLANG_WARN_OBJC_ROOT_CLASS = YES_ERROR;
				CLANG_WARN__DUPLICATE_METHOD_MATCH = YES;
				"CODE_SIGN_IDENTITY[sdk=iphoneos*]" = "iPhone Developer";
				COPY_PHASE_STRIP = YES;
				ENABLE_NS_ASSERTIONS = NO;
				GCC_C_LANGUAGE_STANDARD = gnu99;
				GCC_WARN_ABOUT_RETURN_TYPE = YES_ERROR;
				GCC_WARN_UNDECLARED_SELECTOR = YES;
				GCC_WARN_UNINITIALIZED_AUTOS = YES;
				GCC_WARN_UNUSED_FUNCTION = YES;
				GCC_WARN_UNUSED_VARIABLE = YES;
				IPHONEOS_DEPLOYMENT_TARGET = 7.0;
				SDKROOT = iphoneos;
				VALIDATE_PRODUCT = YES;
			};
			name = Release;
		};
		0953FF0E17BE82AE002D0BE6 /* Debug */ = {
			isa = XCBuildConfiguration;
			baseConfigurationReference = 54AE0AE076C5408B80745ABF /* Pods.xcconfig */;
			buildSettings = {
				ASSETCATALOG_COMPILER_APPICON_NAME = AppIcon;
				ASSETCATALOG_COMPILER_LAUNCHIMAGE_NAME = LaunchImage;
				GCC_PRECOMPILE_PREFIX_HEADER = YES;
				GCC_PREFIX_HEADER = "OGDebuggingToolsProject/OGDebuggingToolsProject-Prefix.pch";
				INFOPLIST_FILE = "OGDebuggingToolsProject/OGDebuggingToolsProject-Info.plist";
				PRODUCT_NAME = "$(TARGET_NAME)";
				WRAPPER_EXTENSION = app;
			};
			name = Debug;
		};
		0953FF0F17BE82AE002D0BE6 /* Release */ = {
			isa = XCBuildConfiguration;
			baseConfigurationReference = 54AE0AE076C5408B80745ABF /* Pods.xcconfig */;
			buildSettings = {
				ASSETCATALOG_COMPILER_APPICON_NAME = AppIcon;
				ASSETCATALOG_COMPILER_LAUNCHIMAGE_NAME = LaunchImage;
				GCC_PRECOMPILE_PREFIX_HEADER = YES;
				GCC_PREFIX_HEADER = "OGDebuggingToolsProject/OGDebuggingToolsProject-Prefix.pch";
				INFOPLIST_FILE = "OGDebuggingToolsProject/OGDebuggingToolsProject-Info.plist";
				PRODUCT_NAME = "$(TARGET_NAME)";
				WRAPPER_EXTENSION = app;
			};
			name = Release;
		};
		0953FF1117BE82AE002D0BE6 /* Debug */ = {
			isa = XCBuildConfiguration;
			buildSettings = {
				BUNDLE_LOADER = "$(BUILT_PRODUCTS_DIR)/OGDebuggingToolsProject.app/OGDebuggingToolsProject";
				FRAMEWORK_SEARCH_PATHS = (
					"$(SDKROOT)/Developer/Library/Frameworks",
					"$(inherited)",
					"$(DEVELOPER_FRAMEWORKS_DIR)",
				);
				GCC_PRECOMPILE_PREFIX_HEADER = YES;
				GCC_PREFIX_HEADER = "OGDebuggingToolsProject/OGDebuggingToolsProject-Prefix.pch";
				GCC_PREPROCESSOR_DEFINITIONS = (
					"DEBUG=1",
					"$(inherited)",
				);
				INFOPLIST_FILE = "OGDebuggingToolsProjectTests/OGDebuggingToolsProjectTests-Info.plist";
				PRODUCT_NAME = "$(TARGET_NAME)";
				TEST_HOST = "$(BUNDLE_LOADER)";
				WRAPPER_EXTENSION = xctest;
			};
			name = Debug;
		};
		0953FF1217BE82AE002D0BE6 /* Release */ = {
			isa = XCBuildConfiguration;
			buildSettings = {
				BUNDLE_LOADER = "$(BUILT_PRODUCTS_DIR)/OGDebuggingToolsProject.app/OGDebuggingToolsProject";
				FRAMEWORK_SEARCH_PATHS = (
					"$(SDKROOT)/Developer/Library/Frameworks",
					"$(inherited)",
					"$(DEVELOPER_FRAMEWORKS_DIR)",
				);
				GCC_PRECOMPILE_PREFIX_HEADER = YES;
				GCC_PREFIX_HEADER = "OGDebuggingToolsProject/OGDebuggingToolsProject-Prefix.pch";
				INFOPLIST_FILE = "OGDebuggingToolsProjectTests/OGDebuggingToolsProjectTests-Info.plist";
				PRODUCT_NAME = "$(TARGET_NAME)";
				TEST_HOST = "$(BUNDLE_LOADER)";
				WRAPPER_EXTENSION = xctest;
			};
			name = Release;
		};
/* End XCBuildConfiguration section */

/* Begin XCConfigurationList section */
		0953FEDC17BE82AE002D0BE6 /* Build configuration list for PBXProject "OGDebuggingToolsProject" */ = {
			isa = XCConfigurationList;
			buildConfigurations = (
				0953FF0B17BE82AE002D0BE6 /* Debug */,
				0953FF0C17BE82AE002D0BE6 /* Release */,
			);
			defaultConfigurationIsVisible = 0;
			defaultConfigurationName = Release;
		};
		0953FF0D17BE82AE002D0BE6 /* Build configuration list for PBXNativeTarget "OGDebuggingToolsProject" */ = {
			isa = XCConfigurationList;
			buildConfigurations = (
				0953FF0E17BE82AE002D0BE6 /* Debug */,
				0953FF0F17BE82AE002D0BE6 /* Release */,
			);
			defaultConfigurationIsVisible = 0;
			defaultConfigurationName = Release;
		};
		0953FF1017BE82AE002D0BE6 /* Build configuration list for PBXNativeTarget "OGDebuggingToolsProjectTests" */ = {
			isa = XCConfigurationList;
			buildConfigurations = (
				0953FF1117BE82AE002D0BE6 /* Debug */,
				0953FF1217BE82AE002D0BE6 /* Release */,
			);
			defaultConfigurationIsVisible = 0;
			defaultConfigurationName = Release;
		};
/* End XCConfigurationList section */
	};
	rootObject = 0953FED917BE82AE002D0BE6 /* Project object */;
}
